
Microsoft Visual Studio Solution File, Format Version 12.00
# Visual Studio Version 16
VisualStudioVersion = 16.0.31112.23
MinimumVisualStudioVersion = 10.0.40219.1
Project("{FAE04EC0-301F-11D3-BF4B-00C04F79EFBC}") = "App11", "App11.csproj", "{2C30DD76-E44E-4341-B005-878C523F8951}"
EndProject
Global
	GlobalSection(SolutionConfigurationPlatforms) = preSolution
		Debug|Any CPU = Debug|Any CPU
		Release|Any CPU = Release|Any CPU
	EndGlobalSection
	GlobalSection(ProjectConfigurationPlatforms) = postSolution
		{2C30DD76-E44E-4341-B005-878C523F8951}.Debug|Any CPU.ActiveCfg = Debug|Any CPU
		{2C30DD76-E44E-4341-B005-878C523F8951}.Debug|Any CPU.Build.0 = Debug|Any CPU
		{2C30DD76-E44E-4341-B005-878C523F8951}.Release|Any CPU.ActiveCfg = Release|Any CPU
		{2C30DD76-E44E-4341-B005-878C523F8951}.Release|Any CPU.Build.0 = Release|Any CPU
	EndGlobalSection
	GlobalSection(SolutionProperties) = preSolution
		HideSolutionNode = FALSE
	EndGlobalSection
	GlobalSection(ExtensibilityGlobals) = postSolution
		SolutionGuid = {1B5D12BD-688C-4944-AF04-A58E575DD6AF}
	EndGlobalSection
EndGlobal
