
Microsoft Visual Studio Solution File, Format Version 12.00
# Visual Studio Version 16
VisualStudioVersion = 16.0.31112.23
MinimumVisualStudioVersion = 10.0.40219.1
Project("{FAE04EC0-301F-11D3-BF4B-00C04F79EFBC}") = "App2", "App2.csproj", "{EA142257-A9A4-402D-945E-AF60BB1B8AC6}"
EndProject
Global
	GlobalSection(SolutionConfigurationPlatforms) = preSolution
		Debug|Any CPU = Debug|Any CPU
		Release|Any CPU = Release|Any CPU
	EndGlobalSection
	GlobalSection(ProjectConfigurationPlatforms) = postSolution
		{EA142257-A9A4-402D-945E-AF60BB1B8AC6}.Debug|Any CPU.ActiveCfg = Debug|Any CPU
		{EA142257-A9A4-402D-945E-AF60BB1B8AC6}.Debug|Any CPU.Build.0 = Debug|Any CPU
		{EA142257-A9A4-402D-945E-AF60BB1B8AC6}.Release|Any CPU.ActiveCfg = Release|Any CPU
		{EA142257-A9A4-402D-945E-AF60BB1B8AC6}.Release|Any CPU.Build.0 = Release|Any CPU
	EndGlobalSection
	GlobalSection(SolutionProperties) = preSolution
		HideSolutionNode = FALSE
	EndGlobalSection
	GlobalSection(ExtensibilityGlobals) = postSolution
		SolutionGuid = {88E00DB4-548B-44F8-AD1A-430F5A28D402}
	EndGlobalSection
EndGlobal
