
Microsoft Visual Studio Solution File, Format Version 12.00
# Visual Studio Version 16
VisualStudioVersion = 16.0.31112.23
MinimumVisualStudioVersion = 10.0.40219.1
Project("{FAE04EC0-301F-11D3-BF4B-00C04F79EFBC}") = "App5", "App5.csproj", "{63AD5853-2DD5-4969-818F-52AA2F1072D4}"
EndProject
Global
	GlobalSection(SolutionConfigurationPlatforms) = preSolution
		Debug|Any CPU = Debug|Any CPU
		Release|Any CPU = Release|Any CPU
	EndGlobalSection
	GlobalSection(ProjectConfigurationPlatforms) = postSolution
		{63AD5853-2DD5-4969-818F-52AA2F1072D4}.Debug|Any CPU.ActiveCfg = Debug|Any CPU
		{63AD5853-2DD5-4969-818F-52AA2F1072D4}.Debug|Any CPU.Build.0 = Debug|Any CPU
		{63AD5853-2DD5-4969-818F-52AA2F1072D4}.Release|Any CPU.ActiveCfg = Release|Any CPU
		{63AD5853-2DD5-4969-818F-52AA2F1072D4}.Release|Any CPU.Build.0 = Release|Any CPU
	EndGlobalSection
	GlobalSection(SolutionProperties) = preSolution
		HideSolutionNode = FALSE
	EndGlobalSection
	GlobalSection(ExtensibilityGlobals) = postSolution
		SolutionGuid = {E1894162-D52E-4CB7-AFFE-97497D9AB3CF}
	EndGlobalSection
EndGlobal
